
Microsoft Visual Studio Solution File, Format Version 12.00
# Visual Studio 14
VisualStudioVersion = 14.0.24720.0
MinimumVisualStudioVersion = 10.0.40219.1
Project("{F2A71F9B-5D33-465A-A702-920D77279786}") = "backend", "backend\backend.fsproj", "{F82E2BEE-7FD6-45F4-B940-71A3DDAD53AB}"
EndProject
Project("{FAE04EC0-301F-11D3-BF4B-00C04F79EFBC}") = "BadWordsReplacer", "BadWordsReplacer\BadWordsReplacer.csproj", "{F8E5C28C-7315-471B-91AA-45A5C674E55C}"
EndProject
Project("{FAE04EC0-301F-11D3-BF4B-00C04F79EFBC}") = "RabbitMQClient", "RabbitMQClient\RabbitMQClient.csproj", "{F2DFE91F-C4DA-4C61-A2DF-706B9E274899}"
EndProject
Project("{F2A71F9B-5D33-465A-A702-920D77279786}") = "RedisClient", "RedisClient\RedisClient.fsproj", "{F42472F5-D589-4668-914A-A0777F1D4872}"
EndProject
Project("{F2A71F9B-5D33-465A-A702-920D77279786}") = "CapsWordsToLowerCaser", "CapsWordsToLowerCaser\CapsWordsToLowerCaser.fsproj", "{F5955960-D30C-4201-9DDC-EEC20D743331}"
EndProject
Project("{FAE04EC0-301F-11D3-BF4B-00C04F79EFBC}") = "LyricSaver", "LyricSaver\LyricSaver.csproj", "{B0378DEF-8AD5-4280-A006-1BE8401DAA57}"
EndProject
Project("{F2A71F9B-5D33-465A-A702-920D77279786}") = "LyricModel", "LyricModel\LyricModel.fsproj", "{F9B9153A-B0B3-459F-9369-0AE2412F0938}"
EndProject
Global
	GlobalSection(SolutionConfigurationPlatforms) = preSolution
		Debug|Any CPU = Debug|Any CPU
		Release|Any CPU = Release|Any CPU
	EndGlobalSection
	GlobalSection(ProjectConfigurationPlatforms) = postSolution
		{F82E2BEE-7FD6-45F4-B940-71A3DDAD53AB}.Debug|Any CPU.ActiveCfg = Debug|Any CPU
		{F82E2BEE-7FD6-45F4-B940-71A3DDAD53AB}.Debug|Any CPU.Build.0 = Debug|Any CPU
		{F82E2BEE-7FD6-45F4-B940-71A3DDAD53AB}.Release|Any CPU.ActiveCfg = Release|Any CPU
		{F82E2BEE-7FD6-45F4-B940-71A3DDAD53AB}.Release|Any CPU.Build.0 = Release|Any CPU
		{F8E5C28C-7315-471B-91AA-45A5C674E55C}.Debug|Any CPU.ActiveCfg = Debug|Any CPU
		{F8E5C28C-7315-471B-91AA-45A5C674E55C}.Debug|Any CPU.Build.0 = Debug|Any CPU
		{F8E5C28C-7315-471B-91AA-45A5C674E55C}.Release|Any CPU.ActiveCfg = Release|Any CPU
		{F8E5C28C-7315-471B-91AA-45A5C674E55C}.Release|Any CPU.Build.0 = Release|Any CPU
		{F2DFE91F-C4DA-4C61-A2DF-706B9E274899}.Debug|Any CPU.ActiveCfg = Debug|Any CPU
		{F2DFE91F-C4DA-4C61-A2DF-706B9E274899}.Debug|Any CPU.Build.0 = Debug|Any CPU
		{F2DFE91F-C4DA-4C61-A2DF-706B9E274899}.Release|Any CPU.ActiveCfg = Release|Any CPU
		{F2DFE91F-C4DA-4C61-A2DF-706B9E274899}.Release|Any CPU.Build.0 = Release|Any CPU
		{F42472F5-D589-4668-914A-A0777F1D4872}.Debug|Any CPU.ActiveCfg = Debug|Any CPU
		{F42472F5-D589-4668-914A-A0777F1D4872}.Debug|Any CPU.Build.0 = Debug|Any CPU
		{F42472F5-D589-4668-914A-A0777F1D4872}.Release|Any CPU.ActiveCfg = Release|Any CPU
		{F42472F5-D589-4668-914A-A0777F1D4872}.Release|Any CPU.Build.0 = Release|Any CPU
		{F5955960-D30C-4201-9DDC-EEC20D743331}.Debug|Any CPU.ActiveCfg = Debug|Any CPU
		{F5955960-D30C-4201-9DDC-EEC20D743331}.Debug|Any CPU.Build.0 = Debug|Any CPU
		{F5955960-D30C-4201-9DDC-EEC20D743331}.Release|Any CPU.ActiveCfg = Release|Any CPU
		{F5955960-D30C-4201-9DDC-EEC20D743331}.Release|Any CPU.Build.0 = Release|Any CPU
		{B0378DEF-8AD5-4280-A006-1BE8401DAA57}.Debug|Any CPU.ActiveCfg = Debug|Any CPU
		{B0378DEF-8AD5-4280-A006-1BE8401DAA57}.Debug|Any CPU.Build.0 = Debug|Any CPU
		{B0378DEF-8AD5-4280-A006-1BE8401DAA57}.Release|Any CPU.ActiveCfg = Release|Any CPU
		{B0378DEF-8AD5-4280-A006-1BE8401DAA57}.Release|Any CPU.Build.0 = Release|Any CPU
		{F9B9153A-B0B3-459F-9369-0AE2412F0938}.Debug|Any CPU.ActiveCfg = Debug|Any CPU
		{F9B9153A-B0B3-459F-9369-0AE2412F0938}.Debug|Any CPU.Build.0 = Debug|Any CPU
		{F9B9153A-B0B3-459F-9369-0AE2412F0938}.Release|Any CPU.ActiveCfg = Release|Any CPU
		{F9B9153A-B0B3-459F-9369-0AE2412F0938}.Release|Any CPU.Build.0 = Release|Any CPU
	EndGlobalSection
	GlobalSection(SolutionProperties) = preSolution
		HideSolutionNode = FALSE
	EndGlobalSection
EndGlobal
